# This file is automatically @generated by Cargo.
# It is not intended for manual editing.
version = 4

[[package]]
name = "capy_app"
version = "0.1.0"

[[package]]
name = "capy_assets"
version = "0.1.0"

[[package]]
name = "capy_audio"
version = "0.1.0"

[[package]]
name = "capy_core"
version = "0.1.0"

[[package]]
name = "capy_engine"
version = "0.1.0"

[[package]]
name = "capy_game"
version = "0.1.0"

[[package]]
name = "capy_input"
version = "0.1.0"

[[package]]
name = "capy_net"
version = "0.1.0"

[[package]]
name = "capy_physics"
version = "0.1.0"

[[package]]
name = "capy_render"
version = "0.1.0"

[[package]]
name = "capy_ui"
version = "0.1.0"
